
Microsoft Visual Studio Solution File, Format Version 12.00
# Visual Studio Version 17
VisualStudioVersion = 17.11.35222.181
MinimumVisualStudioVersion = 10.0.40219.1
Project("{FAE04EC0-301F-11D3-BF4B-00C04F79EFBC}") = "F24W2IntroToMethods", "F24W2IntroToMethods\F24W2IntroToMethods.csproj", "{C018DCF8-04EA-4D11-B57A-546B0DCD90A3}"
EndProject
Global
	GlobalSection(SolutionConfigurationPlatforms) = preSolution
		Debug|Any CPU = Debug|Any CPU
		Release|Any CPU = Release|Any CPU
	EndGlobalSection
	GlobalSection(ProjectConfigurationPlatforms) = postSolution
		{C018DCF8-04EA-4D11-B57A-546B0DCD90A3}.Debug|Any CPU.ActiveCfg = Debug|Any CPU
		{C018DCF8-04EA-4D11-B57A-546B0DCD90A3}.Debug|Any CPU.Build.0 = Debug|Any CPU
		{C018DCF8-04EA-4D11-B57A-546B0DCD90A3}.Release|Any CPU.ActiveCfg = Release|Any CPU
		{C018DCF8-04EA-4D11-B57A-546B0DCD90A3}.Release|Any CPU.Build.0 = Release|Any CPU
	EndGlobalSection
	GlobalSection(SolutionProperties) = preSolution
		HideSolutionNode = FALSE
	EndGlobalSection
	GlobalSection(ExtensibilityGlobals) = postSolution
		SolutionGuid = {A29D800B-C6AB-4B39-82D4-3A1383A503C2}
	EndGlobalSection
EndGlobal
